
Microsoft Visual Studio Solution File, Format Version 12.00
# Visual Studio Version 17
VisualStudioVersion = 17.0.32112.339
MinimumVisualStudioVersion = 10.0.40219.1
Project("{FAE04EC0-301F-11D3-BF4B-00C04F79EFBC}") = "Ecommerce", "Ecommerce.csproj", "{BB8073EE-EC6B-4C4E-9412-DD36FDA9E171}"
EndProject
Global
	GlobalSection(SolutionConfigurationPlatforms) = preSolution
		Debug|Any CPU = Debug|Any CPU
		Release|Any CPU = Release|Any CPU
	EndGlobalSection
	GlobalSection(ProjectConfigurationPlatforms) = postSolution
		{BB8073EE-EC6B-4C4E-9412-DD36FDA9E171}.Debug|Any CPU.ActiveCfg = Debug|Any CPU
		{BB8073EE-EC6B-4C4E-9412-DD36FDA9E171}.Debug|Any CPU.Build.0 = Debug|Any CPU
		{BB8073EE-EC6B-4C4E-9412-DD36FDA9E171}.Release|Any CPU.ActiveCfg = Release|Any CPU
		{BB8073EE-EC6B-4C4E-9412-DD36FDA9E171}.Release|Any CPU.Build.0 = Release|Any CPU
	EndGlobalSection
	GlobalSection(SolutionProperties) = preSolution
		HideSolutionNode = FALSE
	EndGlobalSection
	GlobalSection(ExtensibilityGlobals) = postSolution
		SolutionGuid = {E59F9507-5628-45FB-A912-0EB661F776B4}
	EndGlobalSection
EndGlobal
